// !$*UTF8*$!
{
	archiveVersion = 1;
	classes = {
	};
	objectVersion = 50;
	objects = {

/* Begin PBXBuildFile section */
		4A63F4B7208BB3110011B825 /* TasksTableViewController+NSFetchedResultsControllerDelegate.swift in Sources */ = {isa = PBXBuildFile; fileRef = 4A63F4B6208BB3110011B825 /* TasksTableViewController+NSFetchedResultsControllerDelegate.swift */; };
		4A63F4B9208BB37C0011B825 /* TasksTableViewController+UITableViewDelegate.swift in Sources */ = {isa = PBXBuildFile; fileRef = 4A63F4B8208BB37C0011B825 /* TasksTableViewController+UITableViewDelegate.swift */; };
		4A63F4BB208BB4340011B825 /* TasksTableViewController+UITableViewDataSource.swift in Sources */ = {isa = PBXBuildFile; fileRef = 4A63F4BA208BB4340011B825 /* TasksTableViewController+UITableViewDataSource.swift */; };
		4A63F4BE208BB5DC0011B825 /* TasksTableViewController+UIViewController.swift in Sources */ = {isa = PBXBuildFile; fileRef = 4A63F4BD208BB5DC0011B825 /* TasksTableViewController+UIViewController.swift */; };
		4A63F4C1208BBC7E0011B825 /* EditTaskViewController+UIViewController.swift in Sources */ = {isa = PBXBuildFile; fileRef = 4A63F4C0208BBC7E0011B825 /* EditTaskViewController+UIViewController.swift */; };
		4A63F4DA208CC9530011B825 /* Task+Requests.swift in Sources */ = {isa = PBXBuildFile; fileRef = 4A63F4D9208CC9530011B825 /* Task+Requests.swift */; };
		4A63F4DC208D22220011B825 /* AppDelegate+Notifications.swift in Sources */ = {isa = PBXBuildFile; fileRef = 4A63F4DB208D22220011B825 /* AppDelegate+Notifications.swift */; };
		4A63F4E4208D236E0011B825 /* IntentHandler.swift in Sources */ = {isa = PBXBuildFile; fileRef = 4A63F4E3208D236E0011B825 /* IntentHandler.swift */; };
		4A63F4E8208D236E0011B825 /* TodooIntent.appex in Embed App Extensions */ = {isa = PBXBuildFile; fileRef = 4A63F4E1208D236E0011B825 /* TodooIntent.appex */; settings = {ATTRIBUTES = (RemoveHeadersOnCopy, ); }; };
		4A724F52208B67C9008FD946 /* TaskTableViewCell.swift in Sources */ = {isa = PBXBuildFile; fileRef = 4A724F51208B67C9008FD946 /* TaskTableViewCell.swift */; };
		4A724F56208B70D5008FD946 /* TasksTableViewController.swift in Sources */ = {isa = PBXBuildFile; fileRef = 4A724F55208B70D5008FD946 /* TasksTableViewController.swift */; };
		4A724F5A208B771D008FD946 /* EditTaskViewController.swift in Sources */ = {isa = PBXBuildFile; fileRef = 4A724F59208B771D008FD946 /* EditTaskViewController.swift */; };
		4A7DF10D208B64BA00E68B39 /* AppDelegate.swift in Sources */ = {isa = PBXBuildFile; fileRef = 4A7DF10C208B64BA00E68B39 /* AppDelegate.swift */; };
		4A7DF112208B64BA00E68B39 /* Main.storyboard in Resources */ = {isa = PBXBuildFile; fileRef = 4A7DF110208B64BA00E68B39 /* Main.storyboard */; };
		4A7DF115208B64BA00E68B39 /* Todoo.xcdatamodeld in Sources */ = {isa = PBXBuildFile; fileRef = 4A7DF113208B64BA00E68B39 /* Todoo.xcdatamodeld */; };
		4A7DF117208B64BB00E68B39 /* Assets.xcassets in Resources */ = {isa = PBXBuildFile; fileRef = 4A7DF116208B64BB00E68B39 /* Assets.xcassets */; };
		4A7DF11A208B64BB00E68B39 /* LaunchScreen.storyboard in Resources */ = {isa = PBXBuildFile; fileRef = 4A7DF118208B64BB00E68B39 /* LaunchScreen.storyboard */; };
/* End PBXBuildFile section */

/* Begin PBXContainerItemProxy section */
		4A63F4E6208D236E0011B825 /* PBXContainerItemProxy */ = {
			isa = PBXContainerItemProxy;
			containerPortal = 4A7DF101208B64BA00E68B39 /* Project object */;
			proxyType = 1;
			remoteGlobalIDString = 4A63F4E0208D236E0011B825;
			remoteInfo = TodooIntent;
		};
/* End PBXContainerItemProxy section */

/* Begin PBXCopyFilesBuildPhase section */
		4A63F4EC208D236E0011B825 /* Embed App Extensions */ = {
			isa = PBXCopyFilesBuildPhase;
			buildActionMask = 2147483647;
			dstPath = "";
			dstSubfolderSpec = 13;
			files = (
				4A63F4E8208D236E0011B825 /* TodooIntent.appex in Embed App Extensions */,
			);
			name = "Embed App Extensions";
			runOnlyForDeploymentPostprocessing = 0;
		};
/* End PBXCopyFilesBuildPhase section */

/* Begin PBXFileReference section */
		4A63F4B6208BB3110011B825 /* TasksTableViewController+NSFetchedResultsControllerDelegate.swift */ = {isa = PBXFileReference; lastKnownFileType = sourcecode.swift; path = "TasksTableViewController+NSFetchedResultsControllerDelegate.swift"; sourceTree = "<group>"; };
		4A63F4B8208BB37C0011B825 /* TasksTableViewController+UITableViewDelegate.swift */ = {isa = PBXFileReference; lastKnownFileType = sourcecode.swift; path = "TasksTableViewController+UITableViewDelegate.swift"; sourceTree = "<group>"; };
		4A63F4BA208BB4340011B825 /* TasksTableViewController+UITableViewDataSource.swift */ = {isa = PBXFileReference; lastKnownFileType = sourcecode.swift; path = "TasksTableViewController+UITableViewDataSource.swift"; sourceTree = "<group>"; };
		4A63F4BD208BB5DC0011B825 /* TasksTableViewController+UIViewController.swift */ = {isa = PBXFileReference; lastKnownFileType = sourcecode.swift; path = "TasksTableViewController+UIViewController.swift"; sourceTree = "<group>"; };
		4A63F4C0208BBC7E0011B825 /* EditTaskViewController+UIViewController.swift */ = {isa = PBXFileReference; lastKnownFileType = sourcecode.swift; path = "EditTaskViewController+UIViewController.swift"; sourceTree = "<group>"; };
		4A63F4C6208BC2D80011B825 /* Todoo.entitlements */ = {isa = PBXFileReference; lastKnownFileType = text.plist.entitlements; path = Todoo.entitlements; sourceTree = "<group>"; };
		4A63F4D9208CC9530011B825 /* Task+Requests.swift */ = {isa = PBXFileReference; lastKnownFileType = sourcecode.swift; path = "Task+Requests.swift"; sourceTree = "<group>"; };
		4A63F4DB208D22220011B825 /* AppDelegate+Notifications.swift */ = {isa = PBXFileReference; lastKnownFileType = sourcecode.swift; path = "AppDelegate+Notifications.swift"; sourceTree = "<group>"; };
		4A63F4E1208D236E0011B825 /* TodooIntent.appex */ = {isa = PBXFileReference; explicitFileType = "wrapper.app-extension"; includeInIndex = 0; path = TodooIntent.appex; sourceTree = BUILT_PRODUCTS_DIR; };
		4A63F4E3208D236E0011B825 /* IntentHandler.swift */ = {isa = PBXFileReference; lastKnownFileType = sourcecode.swift; path = IntentHandler.swift; sourceTree = "<group>"; };
		4A63F4E5208D236E0011B825 /* Info.plist */ = {isa = PBXFileReference; lastKnownFileType = text.plist.xml; path = Info.plist; sourceTree = "<group>"; };
		4A63F4ED208D237C0011B825 /* TodooIntent.entitlements */ = {isa = PBXFileReference; lastKnownFileType = text.plist.entitlements; path = TodooIntent.entitlements; sourceTree = "<group>"; };
		4A724F51208B67C9008FD946 /* TaskTableViewCell.swift */ = {isa = PBXFileReference; lastKnownFileType = sourcecode.swift; path = TaskTableViewCell.swift; sourceTree = "<group>"; };
		4A724F55208B70D5008FD946 /* TasksTableViewController.swift */ = {isa = PBXFileReference; lastKnownFileType = sourcecode.swift; path = TasksTableViewController.swift; sourceTree = "<group>"; };
		4A724F59208B771D008FD946 /* EditTaskViewController.swift */ = {isa = PBXFileReference; lastKnownFileType = sourcecode.swift; path = EditTaskViewController.swift; sourceTree = "<group>"; };
		4A7DF109208B64BA00E68B39 /* Todoo.app */ = {isa = PBXFileReference; explicitFileType = wrapper.application; includeInIndex = 0; path = Todoo.app; sourceTree = BUILT_PRODUCTS_DIR; };
		4A7DF10C208B64BA00E68B39 /* AppDelegate.swift */ = {isa = PBXFileReference; lastKnownFileType = sourcecode.swift; path = AppDelegate.swift; sourceTree = "<group>"; };
		4A7DF111208B64BA00E68B39 /* Base */ = {isa = PBXFileReference; lastKnownFileType = file.storyboard; name = Base; path = Base.lproj/Main.storyboard; sourceTree = "<group>"; };
		4A7DF114208B64BA00E68B39 /* Todoo.xcdatamodel */ = {isa = PBXFileReference; lastKnownFileType = wrapper.xcdatamodel; path = Todoo.xcdatamodel; sourceTree = "<group>"; };
		4A7DF116208B64BB00E68B39 /* Assets.xcassets */ = {isa = PBXFileReference; lastKnownFileType = folder.assetcatalog; path = Assets.xcassets; sourceTree = "<group>"; };
		4A7DF119208B64BB00E68B39 /* Base */ = {isa = PBXFileReference; lastKnownFileType = file.storyboard; name = Base; path = Base.lproj/LaunchScreen.storyboard; sourceTree = "<group>"; };
		4A7DF11B208B64BB00E68B39 /* Info.plist */ = {isa = PBXFileReference; lastKnownFileType = text.plist.xml; path = Info.plist; sourceTree = "<group>"; };
/* End PBXFileReference section */

/* Begin PBXFrameworksBuildPhase section */
		4A63F4DE208D236E0011B825 /* Frameworks */ = {
			isa = PBXFrameworksBuildPhase;
			buildActionMask = 2147483647;
			files = (
			);
			runOnlyForDeploymentPostprocessing = 0;
		};
		4A7DF106208B64BA00E68B39 /* Frameworks */ = {
			isa = PBXFrameworksBuildPhase;
			buildActionMask = 2147483647;
			files = (
			);
			runOnlyForDeploymentPostprocessing = 0;
		};
/* End PBXFrameworksBuildPhase section */

/* Begin PBXGroup section */
		4A63F4BC208BB4CC0011B825 /* Tasks Table View Controller */ = {
			isa = PBXGroup;
			children = (
				4A63F4C2208BBE230011B825 /* Cells */,
				4A724F55208B70D5008FD946 /* TasksTableViewController.swift */,
				4A63F4BD208BB5DC0011B825 /* TasksTableViewController+UIViewController.swift */,
				4A63F4B6208BB3110011B825 /* TasksTableViewController+NSFetchedResultsControllerDelegate.swift */,
				4A63F4B8208BB37C0011B825 /* TasksTableViewController+UITableViewDelegate.swift */,
				4A63F4BA208BB4340011B825 /* TasksTableViewController+UITableViewDataSource.swift */,
			);
			path = "Tasks Table View Controller";
			sourceTree = "<group>";
		};
		4A63F4BF208BBC570011B825 /* Edit Task View Controller */ = {
			isa = PBXGroup;
			children = (
				4A724F59208B771D008FD946 /* EditTaskViewController.swift */,
				4A63F4C0208BBC7E0011B825 /* EditTaskViewController+UIViewController.swift */,
			);
			path = "Edit Task View Controller";
			sourceTree = "<group>";
		};
		4A63F4C2208BBE230011B825 /* Cells */ = {
			isa = PBXGroup;
			children = (
				4A724F51208B67C9008FD946 /* TaskTableViewCell.swift */,
			);
			path = Cells;
			sourceTree = "<group>";
		};
		4A63F4C3208BBE7B0011B825 /* Interfaces */ = {
			isa = PBXGroup;
			children = (
				4A7DF118208B64BB00E68B39 /* LaunchScreen.storyboard */,
				4A7DF110208B64BA00E68B39 /* Main.storyboard */,
			);
			path = Interfaces;
			sourceTree = "<group>";
		};
		4A63F4C4208BBEA10011B825 /* Core Data */ = {
			isa = PBXGroup;
			children = (
				4A63F4D8208CC93C0011B825 /* Task */,
				4A7DF113208B64BA00E68B39 /* Todoo.xcdatamodeld */,
			);
			path = "Core Data";
			sourceTree = "<group>";
		};
		4A63F4D8208CC93C0011B825 /* Task */ = {
			isa = PBXGroup;
			children = (
				4A63F4D9208CC9530011B825 /* Task+Requests.swift */,
			);
			path = Task;
			sourceTree = "<group>";
		};
		4A63F4E2208D236E0011B825 /* TodooIntent */ = {
			isa = PBXGroup;
			children = (
				4A63F4ED208D237C0011B825 /* TodooIntent.entitlements */,
				4A63F4E3208D236E0011B825 /* IntentHandler.swift */,
				4A63F4E5208D236E0011B825 /* Info.plist */,
			);
			path = TodooIntent;
			sourceTree = "<group>";
		};
		4A724F60208B7A51008FD946 /* UI */ = {
			isa = PBXGroup;
			children = (
				4A63F4C3208BBE7B0011B825 /* Interfaces */,
				4A63F4BF208BBC570011B825 /* Edit Task View Controller */,
				4A63F4BC208BB4CC0011B825 /* Tasks Table View Controller */,
			);
			path = UI;
			sourceTree = "<group>";
		};
		4A7DF100208B64BA00E68B39 = {
			isa = PBXGroup;
			children = (
				4A7DF10B208B64BA00E68B39 /* Todoo */,
				4A63F4E2208D236E0011B825 /* TodooIntent */,
				4A7DF10A208B64BA00E68B39 /* Products */,
			);
			sourceTree = "<group>";
		};
		4A7DF10A208B64BA00E68B39 /* Products */ = {
			isa = PBXGroup;
			children = (
				4A7DF109208B64BA00E68B39 /* Todoo.app */,
				4A63F4E1208D236E0011B825 /* TodooIntent.appex */,
			);
			name = Products;
			sourceTree = "<group>";
		};
		4A7DF10B208B64BA00E68B39 /* Todoo */ = {
			isa = PBXGroup;
			children = (
				4A63F4C6208BC2D80011B825 /* Todoo.entitlements */,
				4A63F4C4208BBEA10011B825 /* Core Data */,
				4A724F60208B7A51008FD946 /* UI */,
				4A7DF10C208B64BA00E68B39 /* AppDelegate.swift */,
				4A63F4DB208D22220011B825 /* AppDelegate+Notifications.swift */,
				4A7DF116208B64BB00E68B39 /* Assets.xcassets */,
				4A7DF11B208B64BB00E68B39 /* Info.plist */,
			);
			path = Todoo;
			sourceTree = "<group>";
		};
/* End PBXGroup section */

/* Begin PBXNativeTarget section */
		4A63F4E0208D236E0011B825 /* TodooIntent */ = {
			isa = PBXNativeTarget;
			buildConfigurationList = 4A63F4E9208D236E0011B825 /* Build configuration list for PBXNativeTarget "TodooIntent" */;
			buildPhases = (
				4A63F4DD208D236E0011B825 /* Sources */,
				4A63F4DE208D236E0011B825 /* Frameworks */,
				4A63F4DF208D236E0011B825 /* Resources */,
			);
			buildRules = (
			);
			dependencies = (
			);
			name = TodooIntent;
			productName = TodooIntent;
			productReference = 4A63F4E1208D236E0011B825 /* TodooIntent.appex */;
			productType = "com.apple.product-type.app-extension";
		};
		4A7DF108208B64BA00E68B39 /* Todoo */ = {
			isa = PBXNativeTarget;
			buildConfigurationList = 4A7DF11E208B64BB00E68B39 /* Build configuration list for PBXNativeTarget "Todoo" */;
			buildPhases = (
				4A7DF105208B64BA00E68B39 /* Sources */,
				4A7DF106208B64BA00E68B39 /* Frameworks */,
				4A7DF107208B64BA00E68B39 /* Resources */,
				4A63F4EC208D236E0011B825 /* Embed App Extensions */,
			);
			buildRules = (
			);
			dependencies = (
				4A63F4E7208D236E0011B825 /* PBXTargetDependency */,
			);
			name = Todoo;
			productName = Todoo;
			productReference = 4A7DF109208B64BA00E68B39 /* Todoo.app */;
			productType = "com.apple.product-type.application";
		};
/* End PBXNativeTarget section */

/* Begin PBXProject section */
		4A7DF101208B64BA00E68B39 /* Project object */ = {
			isa = PBXProject;
			attributes = {
				LastSwiftUpdateCheck = 0930;
				LastUpgradeCheck = 0930;
				ORGANIZATIONNAME = "SUP'TG Niort";
				TargetAttributes = {
					4A63F4E0208D236E0011B825 = {
						CreatedOnToolsVersion = 9.3;
						SystemCapabilities = {
							com.apple.ApplicationGroups.iOS = {
								enabled = 1;
							};
						};
					};
					4A7DF108208B64BA00E68B39 = {
						CreatedOnToolsVersion = 9.3;
						SystemCapabilities = {
							com.apple.ApplicationGroups.iOS = {
								enabled = 1;
							};
							com.apple.BackgroundModes = {
								enabled = 0;
							};
							com.apple.Push = {
								enabled = 1;
							};
							com.apple.Siri = {
								enabled = 1;
							};
						};
					};
				};
			};
			buildConfigurationList = 4A7DF104208B64BA00E68B39 /* Build configuration list for PBXProject "Todoo" */;
			compatibilityVersion = "Xcode 9.3";
			developmentRegion = en;
			hasScannedForEncodings = 0;
			knownRegions = (
				Base,
			);
			mainGroup = 4A7DF100208B64BA00E68B39;
			productRefGroup = 4A7DF10A208B64BA00E68B39 /* Products */;
			projectDirPath = "";
			projectRoot = "";
			targets = (
				4A7DF108208B64BA00E68B39 /* Todoo */,
				4A63F4E0208D236E0011B825 /* TodooIntent */,
			);
		};
/* End PBXProject section */

/* Begin PBXResourcesBuildPhase section */
		4A63F4DF208D236E0011B825 /* Resources */ = {
			isa = PBXResourcesBuildPhase;
			buildActionMask = 2147483647;
			files = (
			);
			runOnlyForDeploymentPostprocessing = 0;
		};
		4A7DF107208B64BA00E68B39 /* Resources */ = {
			isa = PBXResourcesBuildPhase;
			buildActionMask = 2147483647;
			files = (
				4A7DF11A208B64BB00E68B39 /* LaunchScreen.storyboard in Resources */,
				4A7DF117208B64BB00E68B39 /* Assets.xcassets in Resources */,
				4A7DF112208B64BA00E68B39 /* Main.storyboard in Resources */,
			);
			runOnlyForDeploymentPostprocessing = 0;
		};
/* End PBXResourcesBuildPhase section */

/* Begin PBXSourcesBuildPhase section */
		4A63F4DD208D236E0011B825 /* Sources */ = {
			isa = PBXSourcesBuildPhase;
			buildActionMask = 2147483647;
			files = (
				4A63F4E4208D236E0011B825 /* IntentHandler.swift in Sources */,
			);
			runOnlyForDeploymentPostprocessing = 0;
		};
		4A7DF105208B64BA00E68B39 /* Sources */ = {
			isa = PBXSourcesBuildPhase;
			buildActionMask = 2147483647;
			files = (
				4A63F4DA208CC9530011B825 /* Task+Requests.swift in Sources */,
				4A63F4C1208BBC7E0011B825 /* EditTaskViewController+UIViewController.swift in Sources */,
				4A7DF10D208B64BA00E68B39 /* AppDelegate.swift in Sources */,
				4A63F4B7208BB3110011B825 /* TasksTableViewController+NSFetchedResultsControllerDelegate.swift in Sources */,
				4A7DF115208B64BA00E68B39 /* Todoo.xcdatamodeld in Sources */,
				4A63F4BB208BB4340011B825 /* TasksTableViewController+UITableViewDataSource.swift in Sources */,
				4A63F4BE208BB5DC0011B825 /* TasksTableViewController+UIViewController.swift in Sources */,
				4A724F56208B70D5008FD946 /* TasksTableViewController.swift in Sources */,
				4A724F52208B67C9008FD946 /* TaskTableViewCell.swift in Sources */,
				4A724F5A208B771D008FD946 /* EditTaskViewController.swift in Sources */,
				4A63F4B9208BB37C0011B825 /* TasksTableViewController+UITableViewDelegate.swift in Sources */,
				4A63F4DC208D22220011B825 /* AppDelegate+Notifications.swift in Sources */,
			);
			runOnlyForDeploymentPostprocessing = 0;
		};
/* End PBXSourcesBuildPhase section */

/* Begin PBXTargetDependency section */
		4A63F4E7208D236E0011B825 /* PBXTargetDependency */ = {
			isa = PBXTargetDependency;
			target = 4A63F4E0208D236E0011B825 /* TodooIntent */;
			targetProxy = 4A63F4E6208D236E0011B825 /* PBXContainerItemProxy */;
		};
/* End PBXTargetDependency section */

/* Begin PBXVariantGroup section */
		4A7DF110208B64BA00E68B39 /* Main.storyboard */ = {
			isa = PBXVariantGroup;
			children = (
				4A7DF111208B64BA00E68B39 /* Base */,
			);
			name = Main.storyboard;
			sourceTree = "<group>";
		};
		4A7DF118208B64BB00E68B39 /* LaunchScreen.storyboard */ = {
			isa = PBXVariantGroup;
			children = (
				4A7DF119208B64BB00E68B39 /* Base */,
			);
			name = LaunchScreen.storyboard;
			sourceTree = "<group>";
		};
/* End PBXVariantGroup section */

/* Begin XCBuildConfiguration section */
		4A63F4EA208D236E0011B825 /* Debug */ = {
			isa = XCBuildConfiguration;
			buildSettings = {
				CODE_SIGN_ENTITLEMENTS = TodooIntent/TodooIntent.entitlements;
				CODE_SIGN_STYLE = Automatic;
				DEVELOPMENT_TEAM = A5BPRXNG6L;
				INFOPLIST_FILE = TodooIntent/Info.plist;
				IPHONEOS_DEPLOYMENT_TARGET = 11.0;
				LD_RUNPATH_SEARCH_PATHS = (
					"$(inherited)",
					"@executable_path/Frameworks",
					"@executable_path/../../Frameworks",
				);
				PRODUCT_BUNDLE_IDENTIFIER = "com.morin-innovation.Todoo.TodooIntent";
				PRODUCT_NAME = "$(TARGET_NAME)";
				SKIP_INSTALL = YES;
				SWIFT_VERSION = 4.0;
				TARGETED_DEVICE_FAMILY = "1,2";
			};
			name = Debug;
		};
		4A63F4EB208D236E0011B825 /* Release */ = {
			isa = XCBuildConfiguration;
			buildSettings = {
				CODE_SIGN_ENTITLEMENTS = TodooIntent/TodooIntent.entitlements;
				CODE_SIGN_STYLE = Automatic;
				DEVELOPMENT_TEAM = A5BPRXNG6L;
				INFOPLIST_FILE = TodooIntent/Info.plist;
				IPHONEOS_DEPLOYMENT_TARGET = 11.0;
				LD_RUNPATH_SEARCH_PATHS = (
					"$(inherited)",
					"@executable_path/Frameworks",
					"@executable_path/../../Frameworks",
				);
				PRODUCT_BUNDLE_IDENTIFIER = "com.morin-innovation.Todoo.TodooIntent";
				PRODUCT_NAME = "$(TARGET_NAME)";
				SKIP_INSTALL = YES;
				SWIFT_VERSION = 4.0;
				TARGETED_DEVICE_FAMILY = "1,2";
			};
			name = Release;
		};
		4A7DF11C208B64BB00E68B39 /* Debug */ = {
			isa = XCBuildConfiguration;
			buildSettings = {
				ALWAYS_SEARCH_USER_PATHS = NO;
				CLANG_ANALYZER_NONNULL = YES;
				CLANG_ANALYZER_NUMBER_OBJECT_CONVERSION = YES_AGGRESSIVE;
				CLANG_CXX_LANGUAGE_STANDARD = "gnu++14";
				CLANG_CXX_LIBRARY = "libc++";
				CLANG_ENABLE_MODULES = YES;
				CLANG_ENABLE_OBJC_ARC = YES;
				CLANG_ENABLE_OBJC_WEAK = YES;
				CLANG_WARN_BLOCK_CAPTURE_AUTORELEASING = YES;
				CLANG_WARN_BOOL_CONVERSION = YES;
				CLANG_WARN_COMMA = YES;
				CLANG_WARN_CONSTANT_CONVERSION = YES;
				CLANG_WARN_DEPRECATED_OBJC_IMPLEMENTATIONS = YES;
				CLANG_WARN_DIRECT_OBJC_ISA_USAGE = YES_ERROR;
				CLANG_WARN_DOCUMENTATION_COMMENTS = YES;
				CLANG_WARN_EMPTY_BODY = YES;
				CLANG_WARN_ENUM_CONVERSION = YES;
				CLANG_WARN_INFINITE_RECURSION = YES;
				CLANG_WARN_INT_CONVERSION = YES;
				CLANG_WARN_NON_LITERAL_NULL_CONVERSION = YES;
				CLANG_WARN_OBJC_IMPLICIT_RETAIN_SELF = YES;
				CLANG_WARN_OBJC_LITERAL_CONVERSION = YES;
				CLANG_WARN_OBJC_ROOT_CLASS = YES_ERROR;
				CLANG_WARN_RANGE_LOOP_ANALYSIS = YES;
				CLANG_WARN_STRICT_PROTOTYPES = YES;
				CLANG_WARN_SUSPICIOUS_MOVE = YES;
				CLANG_WARN_UNGUARDED_AVAILABILITY = YES_AGGRESSIVE;
				CLANG_WARN_UNREACHABLE_CODE = YES;
				CLANG_WARN__DUPLICATE_METHOD_MATCH = YES;
				CODE_SIGN_IDENTITY = "iPhone Developer";
				COPY_PHASE_STRIP = NO;
				DEBUG_INFORMATION_FORMAT = dwarf;
				ENABLE_STRICT_OBJC_MSGSEND = YES;
				ENABLE_TESTABILITY = YES;
				GCC_C_LANGUAGE_STANDARD = gnu11;
				GCC_DYNAMIC_NO_PIC = NO;
				GCC_NO_COMMON_BLOCKS = YES;
				GCC_OPTIMIZATION_LEVEL = 0;
				GCC_PREPROCESSOR_DEFINITIONS = (
					"DEBUG=1",
					"$(inherited)",
				);
				GCC_WARN_64_TO_32_BIT_CONVERSION = YES;
				GCC_WARN_ABOUT_RETURN_TYPE = YES_ERROR;
				GCC_WARN_UNDECLARED_SELECTOR = YES;
				GCC_WARN_UNINITIALIZED_AUTOS = YES_AGGRESSIVE;
				GCC_WARN_UNUSED_FUNCTION = YES;
				GCC_WARN_UNUSED_VARIABLE = YES;
				IPHONEOS_DEPLOYMENT_TARGET = 11.0;
				MTL_ENABLE_DEBUG_INFO = YES;
				ONLY_ACTIVE_ARCH = YES;
				SDKROOT = iphoneos;
				SWIFT_ACTIVE_COMPILATION_CONDITIONS = DEBUG;
				SWIFT_OPTIMIZATION_LEVEL = "-Onone";
			};
			name = Debug;
		};
		4A7DF11D208B64BB00E68B39 /* Release */ = {
			isa = XCBuildConfiguration;
			buildSettings = {
				ALWAYS_SEARCH_USER_PATHS = NO;
				CLANG_ANALYZER_NONNULL = YES;
				CLANG_ANALYZER_NUMBER_OBJECT_CONVERSION = YES_AGGRESSIVE;
				CLANG_CXX_LANGUAGE_STANDARD = "gnu++14";
				CLANG_CXX_LIBRARY = "libc++";
				CLANG_ENABLE_MODULES = YES;
				CLANG_ENABLE_OBJC_ARC = YES;
				CLANG_ENABLE_OBJC_WEAK = YES;
				CLANG_WARN_BLOCK_CAPTURE_AUTORELEASING = YES;
				CLANG_WARN_BOOL_CONVERSION = YES;
				CLANG_WARN_COMMA = YES;
				CLANG_WARN_CONSTANT_CONVERSION = YES;
				CLANG_WARN_DEPRECATED_OBJC_IMPLEMENTATIONS = YES;
				CLANG_WARN_DIRECT_OBJC_ISA_USAGE = YES_ERROR;
				CLANG_WARN_DOCUMENTATION_COMMENTS = YES;
				CLANG_WARN_EMPTY_BODY = YES;
				CLANG_WARN_ENUM_CONVERSION = YES;
				CLANG_WARN_INFINITE_RECURSION = YES;
				CLANG_WARN_INT_CONVERSION = YES;
				CLANG_WARN_NON_LITERAL_NULL_CONVERSION = YES;
				CLANG_WARN_OBJC_IMPLICIT_RETAIN_SELF = YES;
				CLANG_WARN_OBJC_LITERAL_CONVERSION = YES;
				CLANG_WARN_OBJC_ROOT_CLASS = YES_ERROR;
				CLANG_WARN_RANGE_LOOP_ANALYSIS = YES;
				CLANG_WARN_STRICT_PROTOTYPES = YES;
				CLANG_WARN_SUSPICIOUS_MOVE = YES;
				CLANG_WARN_UNGUARDED_AVAILABILITY = YES_AGGRESSIVE;
				CLANG_WARN_UNREACHABLE_CODE = YES;
				CLANG_WARN__DUPLICATE_METHOD_MATCH = YES;
				CODE_SIGN_IDENTITY = "iPhone Developer";
				COPY_PHASE_STRIP = NO;
				DEBUG_INFORMATION_FORMAT = "dwarf-with-dsym";
				ENABLE_NS_ASSERTIONS = NO;
				ENABLE_STRICT_OBJC_MSGSEND = YES;
				GCC_C_LANGUAGE_STANDARD = gnu11;
				GCC_NO_COMMON_BLOCKS = YES;
				GCC_WARN_64_TO_32_BIT_CONVERSION = YES;
				GCC_WARN_ABOUT_RETURN_TYPE = YES_ERROR;
				GCC_WARN_UNDECLARED_SELECTOR = YES;
				GCC_WARN_UNINITIALIZED_AUTOS = YES_AGGRESSIVE;
				GCC_WARN_UNUSED_FUNCTION = YES;
				GCC_WARN_UNUSED_VARIABLE = YES;
				IPHONEOS_DEPLOYMENT_TARGET = 11.0;
				MTL_ENABLE_DEBUG_INFO = NO;
				SDKROOT = iphoneos;
				SWIFT_COMPILATION_MODE = wholemodule;
				SWIFT_OPTIMIZATION_LEVEL = "-O";
				VALIDATE_PRODUCT = YES;
			};
			name = Release;
		};
		4A7DF11F208B64BB00E68B39 /* Debug */ = {
			isa = XCBuildConfiguration;
			buildSettings = {
				ALWAYS_EMBED_SWIFT_STANDARD_LIBRARIES = YES;
				ASSETCATALOG_COMPILER_APPICON_NAME = AppIcon;
				CODE_SIGN_ENTITLEMENTS = Todoo/Todoo.entitlements;
				CODE_SIGN_STYLE = Automatic;
				DEVELOPMENT_TEAM = A5BPRXNG6L;
				INFOPLIST_FILE = Todoo/Info.plist;
				IPHONEOS_DEPLOYMENT_TARGET = 11.0;
				LD_RUNPATH_SEARCH_PATHS = (
					"$(inherited)",
					"@executable_path/Frameworks",
				);
				PRODUCT_BUNDLE_IDENTIFIER = "com.morin-innovation.Todoo";
				PRODUCT_NAME = "$(TARGET_NAME)";
				SWIFT_VERSION = 4.0;
				TARGETED_DEVICE_FAMILY = 1;
			};
			name = Debug;
		};
		4A7DF120208B64BB00E68B39 /* Release */ = {
			isa = XCBuildConfiguration;
			buildSettings = {
				ALWAYS_EMBED_SWIFT_STANDARD_LIBRARIES = YES;
				ASSETCATALOG_COMPILER_APPICON_NAME = AppIcon;
				CODE_SIGN_ENTITLEMENTS = Todoo/Todoo.entitlements;
				CODE_SIGN_STYLE = Automatic;
				DEVELOPMENT_TEAM = A5BPRXNG6L;
				INFOPLIST_FILE = Todoo/Info.plist;
				IPHONEOS_DEPLOYMENT_TARGET = 11.0;
				LD_RUNPATH_SEARCH_PATHS = (
					"$(inherited)",
					"@executable_path/Frameworks",
				);
				PRODUCT_BUNDLE_IDENTIFIER = "com.morin-innovation.Todoo";
				PRODUCT_NAME = "$(TARGET_NAME)";
				SWIFT_VERSION = 4.0;
				TARGETED_DEVICE_FAMILY = 1;
			};
			name = Release;
		};
/* End XCBuildConfiguration section */

/* Begin XCConfigurationList section */
		4A63F4E9208D236E0011B825 /* Build configuration list for PBXNativeTarget "TodooIntent" */ = {
			isa = XCConfigurationList;
			buildConfigurations = (
				4A63F4EA208D236E0011B825 /* Debug */,
				4A63F4EB208D236E0011B825 /* Release */,
			);
			defaultConfigurationIsVisible = 0;
			defaultConfigurationName = Release;
		};
		4A7DF104208B64BA00E68B39 /* Build configuration list for PBXProject "Todoo" */ = {
			isa = XCConfigurationList;
			buildConfigurations = (
				4A7DF11C208B64BB00E68B39 /* Debug */,
				4A7DF11D208B64BB00E68B39 /* Release */,
			);
			defaultConfigurationIsVisible = 0;
			defaultConfigurationName = Release;
		};
		4A7DF11E208B64BB00E68B39 /* Build configuration list for PBXNativeTarget "Todoo" */ = {
			isa = XCConfigurationList;
			buildConfigurations = (
				4A7DF11F208B64BB00E68B39 /* Debug */,
				4A7DF120208B64BB00E68B39 /* Release */,
			);
			defaultConfigurationIsVisible = 0;
			defaultConfigurationName = Release;
		};
/* End XCConfigurationList section */

/* Begin XCVersionGroup section */
		4A7DF113208B64BA00E68B39 /* Todoo.xcdatamodeld */ = {
			isa = XCVersionGroup;
			children = (
				4A7DF114208B64BA00E68B39 /* Todoo.xcdatamodel */,
			);
			currentVersion = 4A7DF114208B64BA00E68B39 /* Todoo.xcdatamodel */;
			path = Todoo.xcdatamodeld;
			sourceTree = "<group>";
			versionGroupType = wrapper.xcdatamodel;
		};
/* End XCVersionGroup section */
	};
	rootObject = 4A7DF101208B64BA00E68B39 /* Project object */;
}
